
Microsoft Visual Studio Solution File, Format Version 12.00
Project("{FAE04EC0-301F-11D3-BF4B-00C04F79EFBC}") = "CustomSavePath", "CustomSavePath\CustomSavePath.csproj", "{99D93CA5-BD21-4CDA-A6F9-758026950C75}"
EndProject
Global
	GlobalSection(SolutionConfigurationPlatforms) = preSolution
		Debug|Any CPU = Debug|Any CPU
		Release|Any CPU = Release|Any CPU
	EndGlobalSection
	GlobalSection(ProjectConfigurationPlatforms) = postSolution
		{99D93CA5-BD21-4CDA-A6F9-758026950C75}.Debug|Any CPU.ActiveCfg = Debug|Any CPU
		{99D93CA5-BD21-4CDA-A6F9-758026950C75}.Debug|Any CPU.Build.0 = Debug|Any CPU
		{99D93CA5-BD21-4CDA-A6F9-758026950C75}.Release|Any CPU.ActiveCfg = Release|Any CPU
		{99D93CA5-BD21-4CDA-A6F9-758026950C75}.Release|Any CPU.Build.0 = Release|Any CPU
	EndGlobalSection
EndGlobal
